
Microsoft Visual Studio Solution File, Format Version 12.00
# Visual Studio Version 16
VisualStudioVersion = 16.0.33328.57
MinimumVisualStudioVersion = 10.0.40219.1
Project("{FAE04EC0-301F-11D3-BF4B-00C04F79EFBC}") = "HolaMundo", "HolaMundo\HolaMundo.csproj", "{C3FAD48D-EB5A-44BA-BE32-16A27DD608E3}"
EndProject
Global
	GlobalSection(SolutionConfigurationPlatforms) = preSolution
		Debug|Any CPU = Debug|Any CPU
		Release|Any CPU = Release|Any CPU
	EndGlobalSection
	GlobalSection(ProjectConfigurationPlatforms) = postSolution
		{C3FAD48D-EB5A-44BA-BE32-16A27DD608E3}.Debug|Any CPU.ActiveCfg = Debug|Any CPU
		{C3FAD48D-EB5A-44BA-BE32-16A27DD608E3}.Debug|Any CPU.Build.0 = Debug|Any CPU
		{C3FAD48D-EB5A-44BA-BE32-16A27DD608E3}.Release|Any CPU.ActiveCfg = Release|Any CPU
		{C3FAD48D-EB5A-44BA-BE32-16A27DD608E3}.Release|Any CPU.Build.0 = Release|Any CPU
	EndGlobalSection
	GlobalSection(SolutionProperties) = preSolution
		HideSolutionNode = FALSE
	EndGlobalSection
	GlobalSection(ExtensibilityGlobals) = postSolution
		SolutionGuid = {F20EB3F8-4D80-41FD-9A3A-1A8399A1B62D}
	EndGlobalSection
EndGlobal
